
Microsoft Visual Studio Solution File, Format Version 12.00
# Visual Studio Version 16
VisualStudioVersion = 16.0.33529.622
MinimumVisualStudioVersion = 10.0.40219.1
Project("{FAE04EC0-301F-11D3-BF4B-00C04F79EFBC}") = "AppTester", "AppTester\AppTester.csproj", "{7D7BFF71-711F-43BB-BDF2-CCEF90CFCDCA}"
EndProject
Global
	GlobalSection(SolutionConfigurationPlatforms) = preSolution
		Debug|Any CPU = Debug|Any CPU
		Release|Any CPU = Release|Any CPU
	EndGlobalSection
	GlobalSection(ProjectConfigurationPlatforms) = postSolution
		{7D7BFF71-711F-43BB-BDF2-CCEF90CFCDCA}.Debug|Any CPU.ActiveCfg = Debug|Any CPU
		{7D7BFF71-711F-43BB-BDF2-CCEF90CFCDCA}.Debug|Any CPU.Build.0 = Debug|Any CPU
		{7D7BFF71-711F-43BB-BDF2-CCEF90CFCDCA}.Release|Any CPU.ActiveCfg = Release|Any CPU
		{7D7BFF71-711F-43BB-BDF2-CCEF90CFCDCA}.Release|Any CPU.Build.0 = Release|Any CPU
	EndGlobalSection
	GlobalSection(SolutionProperties) = preSolution
		HideSolutionNode = FALSE
	EndGlobalSection
	GlobalSection(ExtensibilityGlobals) = postSolution
		SolutionGuid = {8C940EF7-CD95-4A17-9888-7C2CDEDB3733}
	EndGlobalSection
EndGlobal
